
Microsoft Visual Studio Solution File, Format Version 12.00
# Visual Studio 15
VisualStudioVersion = 15.0.28307.168
MinimumVisualStudioVersion = 10.0.40219.1
Project("{FAE04EC0-301F-11D3-BF4B-00C04F79EFBC}") = "FeedsReader.UI", "FeedReader.UI\FeedsReader.UI.csproj", "{5A57E20A-06A9-45EC-BFD0-2FD9409516D6}"
EndProject
Project("{FAE04EC0-301F-11D3-BF4B-00C04F79EFBC}") = "FeedReader", "FeedReader\FeedReader.csproj", "{9F2BA803-6CE2-400C-B65F-CAFF73BD29EF}"
EndProject
Global
	GlobalSection(SolutionConfigurationPlatforms) = preSolution
		Debug|Any CPU = Debug|Any CPU
		Release|Any CPU = Release|Any CPU
	EndGlobalSection
	GlobalSection(ProjectConfigurationPlatforms) = postSolution
		{5A57E20A-06A9-45EC-BFD0-2FD9409516D6}.Debug|Any CPU.ActiveCfg = Debug|Any CPU
		{5A57E20A-06A9-45EC-BFD0-2FD9409516D6}.Debug|Any CPU.Build.0 = Debug|Any CPU
		{5A57E20A-06A9-45EC-BFD0-2FD9409516D6}.Release|Any CPU.ActiveCfg = Release|Any CPU
		{5A57E20A-06A9-45EC-BFD0-2FD9409516D6}.Release|Any CPU.Build.0 = Release|Any CPU
		{9F2BA803-6CE2-400C-B65F-CAFF73BD29EF}.Debug|Any CPU.ActiveCfg = Debug|Any CPU
		{9F2BA803-6CE2-400C-B65F-CAFF73BD29EF}.Debug|Any CPU.Build.0 = Debug|Any CPU
		{9F2BA803-6CE2-400C-B65F-CAFF73BD29EF}.Release|Any CPU.ActiveCfg = Release|Any CPU
		{9F2BA803-6CE2-400C-B65F-CAFF73BD29EF}.Release|Any CPU.Build.0 = Release|Any CPU
	EndGlobalSection
	GlobalSection(SolutionProperties) = preSolution
		HideSolutionNode = FALSE
	EndGlobalSection
	GlobalSection(ExtensibilityGlobals) = postSolution
		SolutionGuid = {2379D185-926F-43C3-834C-7B8055196D63}
	EndGlobalSection
EndGlobal
